
Microsoft Visual Studio Solution File, Format Version 12.00
# Visual Studio Version 17
VisualStudioVersion = 17.2.32516.85
MinimumVisualStudioVersion = 10.0.40219.1
Project("{9A19103F-16F7-4668-BE54-9A1E7A4F7556}") = "TemplateReactCsharp", "TemplateReactCsharp\TemplateReactCsharp.csproj", "{7869B477-9228-43A1-BDB7-6C77B219A59F}"
EndProject
Project("{FAE04EC0-301F-11D3-BF4B-00C04F79EFBC}") = "TemplateReactCsharp.DB", "TemplateReactCsharp.DB\TemplateReactCsharp.DB.csproj", "{D3759F3E-BE71-41F0-872D-CFD122AD1890}"
EndProject
Global
	GlobalSection(SolutionConfigurationPlatforms) = preSolution
		Debug|Any CPU = Debug|Any CPU
		Release|Any CPU = Release|Any CPU
	EndGlobalSection
	GlobalSection(ProjectConfigurationPlatforms) = postSolution
		{7869B477-9228-43A1-BDB7-6C77B219A59F}.Debug|Any CPU.ActiveCfg = Debug|Any CPU
		{7869B477-9228-43A1-BDB7-6C77B219A59F}.Debug|Any CPU.Build.0 = Debug|Any CPU
		{7869B477-9228-43A1-BDB7-6C77B219A59F}.Release|Any CPU.ActiveCfg = Release|Any CPU
		{7869B477-9228-43A1-BDB7-6C77B219A59F}.Release|Any CPU.Build.0 = Release|Any CPU
		{D3759F3E-BE71-41F0-872D-CFD122AD1890}.Debug|Any CPU.ActiveCfg = Debug|Any CPU
		{D3759F3E-BE71-41F0-872D-CFD122AD1890}.Debug|Any CPU.Build.0 = Debug|Any CPU
		{D3759F3E-BE71-41F0-872D-CFD122AD1890}.Release|Any CPU.ActiveCfg = Release|Any CPU
		{D3759F3E-BE71-41F0-872D-CFD122AD1890}.Release|Any CPU.Build.0 = Release|Any CPU
	EndGlobalSection
	GlobalSection(SolutionProperties) = preSolution
		HideSolutionNode = FALSE
	EndGlobalSection
	GlobalSection(ExtensibilityGlobals) = postSolution
		SolutionGuid = {6F8418FF-E482-4A1C-8384-6679C5AB7C15}
	EndGlobalSection
EndGlobal
